// !$*UTF8*$!
{
	archiveVersion = 1;
	classes = {
	};
	objectVersion = 50;
	objects = {

/* Begin PBXBuildFile section */
		60D4FF13E042363CE8805B41 /* Pods_IssueTracker.framework in Frameworks */ = {isa = PBXBuildFile; fileRef = EF5A0B739C1DAF0771E82345 /* Pods_IssueTracker.framework */; };
		9505446F254AA6E0007767C6 /* UIView+ShowAlert.swift in Sources */ = {isa = PBXBuildFile; fileRef = 9505446E254AA6E0007767C6 /* UIView+ShowAlert.swift */; };
		95054473254AAC0D007767C6 /* CollectionView+.swift in Sources */ = {isa = PBXBuildFile; fileRef = 95054472254AAC0D007767C6 /* CollectionView+.swift */; };
		950EA05C2547FFA0005BE133 /* LabelCellView.swift in Sources */ = {isa = PBXBuildFile; fileRef = 950EA05A2547FFA0005BE133 /* LabelCellView.swift */; };
		950EA05D2547FFA0005BE133 /* LabelCellView.xib in Resources */ = {isa = PBXBuildFile; fileRef = 950EA05B2547FFA0005BE133 /* LabelCellView.xib */; };
		950EA0602547FFF9005BE133 /* HeaderView.swift in Sources */ = {isa = PBXBuildFile; fileRef = 950EA05E2547FFF9005BE133 /* HeaderView.swift */; };
		950EA0612547FFF9005BE133 /* HeaderView.xib in Resources */ = {isa = PBXBuildFile; fileRef = 950EA05F2547FFF9005BE133 /* HeaderView.xib */; };
		950EB00D254A8DE2004857C2 /* MilestoneListViewModel.swift in Sources */ = {isa = PBXBuildFile; fileRef = 950EB00C254A8DE2004857C2 /* MilestoneListViewModel.swift */; };
		950EB00F254A94D0004857C2 /* UILabel+FontSize.swift in Sources */ = {isa = PBXBuildFile; fileRef = 950EB00E254A94D0004857C2 /* UILabel+FontSize.swift */; };
		9521FCB9254FE7FE00FC0220 /* NetworkFramework.framework in Frameworks */ = {isa = PBXBuildFile; fileRef = 9521FCB0254FE7FD00FC0220 /* NetworkFramework.framework */; };
		9521FCC0254FE7FE00FC0220 /* NetworkFrameworkTests.swift in Sources */ = {isa = PBXBuildFile; fileRef = 9521FCBF254FE7FE00FC0220 /* NetworkFrameworkTests.swift */; };
		9521FCC2254FE7FE00FC0220 /* NetworkFramework.h in Headers */ = {isa = PBXBuildFile; fileRef = 9521FCB2254FE7FD00FC0220 /* NetworkFramework.h */; settings = {ATTRIBUTES = (Public, ); }; };
		9521FCC5254FE7FE00FC0220 /* NetworkFramework.framework in Frameworks */ = {isa = PBXBuildFile; fileRef = 9521FCB0254FE7FD00FC0220 /* NetworkFramework.framework */; };
		9521FCC6254FE7FE00FC0220 /* NetworkFramework.framework in Embed Frameworks */ = {isa = PBXBuildFile; fileRef = 9521FCB0254FE7FD00FC0220 /* NetworkFramework.framework */; settings = {ATTRIBUTES = (CodeSignOnCopy, RemoveHeadersOnCopy, ); }; };
		9521FCCF254FE84D00FC0220 /* DataLoader.swift in Sources */ = {isa = PBXBuildFile; fileRef = 9521FCCE254FE84D00FC0220 /* DataLoader.swift */; };
		9521FCD1255007DC00FC0220 /* DataLoader.swift in Sources */ = {isa = PBXBuildFile; fileRef = 9521FCCE254FE84D00FC0220 /* DataLoader.swift */; };
		952FF3D5254805EE0042A96F /* Header+CollectionView.swift in Sources */ = {isa = PBXBuildFile; fileRef = 952FF3D4254805EE0042A96F /* Header+CollectionView.swift */; };
		957D8222255060DA0033484F /* AddNewIssueViewController.swift in Sources */ = {isa = PBXBuildFile; fileRef = 957D8220255060DA0033484F /* AddNewIssueViewController.swift */; };
		956B5D0525503D20001CBAA9 /* MilestoneEndPoint.swift in Sources */ = {isa = PBXBuildFile; fileRef = 956B5D0425503D20001CBAA9 /* MilestoneEndPoint.swift */; };
		956B5D0725503E8A001CBAA9 /* LabelEndPoint.swift in Sources */ = {isa = PBXBuildFile; fileRef = 956B5D0625503E8A001CBAA9 /* LabelEndPoint.swift */; };
		95C2F8952547EBE0006B3BC6 /* Label.swift in Sources */ = {isa = PBXBuildFile; fileRef = 95C2F8942547EBE0006B3BC6 /* Label.swift */; };
		95C2F8982547EDC7006B3BC6 /* ColorConvertTests.swift in Sources */ = {isa = PBXBuildFile; fileRef = 95C2F8972547EDC7006B3BC6 /* ColorConvertTests.swift */; };
		95C2F89C2547EF47006B3BC6 /* String+Color.swift in Sources */ = {isa = PBXBuildFile; fileRef = 95C2F89B2547EF47006B3BC6 /* String+Color.swift */; };
		95C36581254A6F80008ACCB5 /* MilestoneListViewController.swift in Sources */ = {isa = PBXBuildFile; fileRef = 95C36580254A6F80008ACCB5 /* MilestoneListViewController.swift */; };
		95C36592254A76BB008ACCB5 /* MilestoneCellView.swift in Sources */ = {isa = PBXBuildFile; fileRef = 95C36590254A76BB008ACCB5 /* MilestoneCellView.swift */; };
		95C36593254A76BB008ACCB5 /* MilestoneCellView.xib in Resources */ = {isa = PBXBuildFile; fileRef = 95C36591254A76BB008ACCB5 /* MilestoneCellView.xib */; };
		95E9F57C2546EC07001FBA0D /* AppDelegate.swift in Sources */ = {isa = PBXBuildFile; fileRef = 95E9F57B2546EC07001FBA0D /* AppDelegate.swift */; };
		95E9F57E2546EC07001FBA0D /* SceneDelegate.swift in Sources */ = {isa = PBXBuildFile; fileRef = 95E9F57D2546EC07001FBA0D /* SceneDelegate.swift */; };
		95E9F5802546EC07001FBA0D /* LabelListViewController.swift in Sources */ = {isa = PBXBuildFile; fileRef = 95E9F57F2546EC07001FBA0D /* LabelListViewController.swift */; };
		95E9F5832546EC07001FBA0D /* Main.storyboard in Resources */ = {isa = PBXBuildFile; fileRef = 95E9F5812546EC07001FBA0D /* Main.storyboard */; };
		95E9F5852546EC0C001FBA0D /* Assets.xcassets in Resources */ = {isa = PBXBuildFile; fileRef = 95E9F5842546EC0C001FBA0D /* Assets.xcassets */; };
		95E9F5882546EC0C001FBA0D /* LaunchScreen.storyboard in Resources */ = {isa = PBXBuildFile; fileRef = 95E9F5862546EC0C001FBA0D /* LaunchScreen.storyboard */; };
		95E9F5932546EC0C001FBA0D /* LabelModelTests.swift in Sources */ = {isa = PBXBuildFile; fileRef = 95E9F5922546EC0C001FBA0D /* LabelModelTests.swift */; };
		9613C12E2547B265005EF13C /* .swiftlint.yml in Resources */ = {isa = PBXBuildFile; fileRef = 9613C12D2547B265005EF13C /* .swiftlint.yml */; };
		9627A5A825506985000BFF4D /* UITableView+.swift in Sources */ = {isa = PBXBuildFile; fileRef = 9627A5A725506985000BFF4D /* UITableView+.swift */; };
		9627A5AC255087FF000BFF4D /* ConditionCellView.swift in Sources */ = {isa = PBXBuildFile; fileRef = 9627A5AB255087FF000BFF4D /* ConditionCellView.swift */; };
		963971DE2549BB83005BB4FA /* LabelListViewModel.swift in Sources */ = {isa = PBXBuildFile; fileRef = 96C734D22549444E00DEC9A4 /* LabelListViewModel.swift */; };
		963971DF2549BB83005BB4FA /* LabelItemViewModel.swift in Sources */ = {isa = PBXBuildFile; fileRef = 96C734D42549452600DEC9A4 /* LabelItemViewModel.swift */; };
		963971E02549BB83005BB4FA /* LabelListViewController.swift in Sources */ = {isa = PBXBuildFile; fileRef = 95E9F57F2546EC07001FBA0D /* LabelListViewController.swift */; };
		963971E42549BB83005BB4FA /* HeaderView.swift in Sources */ = {isa = PBXBuildFile; fileRef = 950EA05E2547FFF9005BE133 /* HeaderView.swift */; };
		963971E52549BB83005BB4FA /* HeaderView.xib in Resources */ = {isa = PBXBuildFile; fileRef = 950EA05F2547FFF9005BE133 /* HeaderView.xib */; };
		963971E62549BB83005BB4FA /* Header+CollectionView.swift in Sources */ = {isa = PBXBuildFile; fileRef = 952FF3D4254805EE0042A96F /* Header+CollectionView.swift */; };
		963971E72549BB83005BB4FA /* LabelCellView.swift in Sources */ = {isa = PBXBuildFile; fileRef = 950EA05A2547FFA0005BE133 /* LabelCellView.swift */; };
		963971E82549BB83005BB4FA /* LabelCellView.xib in Resources */ = {isa = PBXBuildFile; fileRef = 950EA05B2547FFA0005BE133 /* LabelCellView.xib */; };
		963971EC2549BB91005BB4FA /* BadgeLabelView.swift in Sources */ = {isa = PBXBuildFile; fileRef = 96C8357425490F1A0086A6E6 /* BadgeLabelView.swift */; };
		963971ED2549BB91005BB4FA /* Label.swift in Sources */ = {isa = PBXBuildFile; fileRef = 95C2F8942547EBE0006B3BC6 /* Label.swift */; };
		963971EE2549BB91005BB4FA /* String+Color.swift in Sources */ = {isa = PBXBuildFile; fileRef = 95C2F89B2547EF47006B3BC6 /* String+Color.swift */; };
		963971F02549BC45005BB4FA /* LabelListViewControllerTests.swift in Sources */ = {isa = PBXBuildFile; fileRef = 963971EF2549BC45005BB4FA /* LabelListViewControllerTests.swift */; };
		963971F22549BC5F005BB4FA /* LabelListViewModelMock.swift in Sources */ = {isa = PBXBuildFile; fileRef = 963971F12549BC5F005BB4FA /* LabelListViewModelMock.swift */; };
		963971F52549D5AF005BB4FA /* LabelCellViewTest.swift in Sources */ = {isa = PBXBuildFile; fileRef = 963971F42549D5AF005BB4FA /* LabelCellViewTest.swift */; };
		963971F92549D9B6005BB4FA /* LabelSubmitFormViewTests.swift in Sources */ = {isa = PBXBuildFile; fileRef = 963971F82549D9B6005BB4FA /* LabelSubmitFormViewTests.swift */; };
		965F09742550425A00B3A248 /* IssueFilterViewController.swift in Sources */ = {isa = PBXBuildFile; fileRef = 965F09732550425A00B3A248 /* IssueFilterViewController.swift */; };
		965F097D25505A1200B3A248 /* DetailConditionFilterViewController.swift in Sources */ = {isa = PBXBuildFile; fileRef = 965F097B25505A1200B3A248 /* DetailConditionFilterViewController.swift */; };
		965F097E25505A1200B3A248 /* DetailConditionFilterViewController.xib in Resources */ = {isa = PBXBuildFile; fileRef = 965F097C25505A1200B3A248 /* DetailConditionFilterViewController.xib */; };
		965F098225505B7800B3A248 /* LabelConditionCellView.swift in Sources */ = {isa = PBXBuildFile; fileRef = 965F098025505B7800B3A248 /* LabelConditionCellView.swift */; };
		965F098325505B7800B3A248 /* LabelConditionCellView.xib in Resources */ = {isa = PBXBuildFile; fileRef = 965F098125505B7800B3A248 /* LabelConditionCellView.xib */; };
		965F098825505B9D00B3A248 /* UserConditionCellView.swift in Sources */ = {isa = PBXBuildFile; fileRef = 965F098625505B9D00B3A248 /* UserConditionCellView.swift */; };
		965F098925505B9D00B3A248 /* UserConditionCellView.xib in Resources */ = {isa = PBXBuildFile; fileRef = 965F098725505B9D00B3A248 /* UserConditionCellView.xib */; };
		965F098D25505C0200B3A248 /* MilestoneConditionCellView.swift in Sources */ = {isa = PBXBuildFile; fileRef = 965F098B25505C0200B3A248 /* MilestoneConditionCellView.swift */; };
		965F098E25505C0200B3A248 /* MilestoneConditionCellView.xib in Resources */ = {isa = PBXBuildFile; fileRef = 965F098C25505C0200B3A248 /* MilestoneConditionCellView.xib */; };
		965F09712550299A00B3A248 /* JSONDecoder+Decode.swift in Sources */ = {isa = PBXBuildFile; fileRef = 965F09702550299A00B3A248 /* JSONDecoder+Decode.swift */; };
		966ADAE3254D8B0800A480DD /* SubmitFormView+LoadFromNib.swift in Sources */ = {isa = PBXBuildFile; fileRef = 966ADAE2254D8B0800A480DD /* SubmitFormView+LoadFromNib.swift */; };
		966ADAE5254D9B7C00A480DD /* MilestoneSubmitFieldsView+LoadFromNib.swift in Sources */ = {isa = PBXBuildFile; fileRef = 966ADAE4254D9B7C00A480DD /* MilestoneSubmitFieldsView+LoadFromNib.swift */; };
		966ADAE8254D9BD400A480DD /* LabelSubmitFieldsView.swift in Sources */ = {isa = PBXBuildFile; fileRef = 966ADAE7254D9BD400A480DD /* LabelSubmitFieldsView.swift */; };
		966ADAEA254D9BE900A480DD /* LabelSubmitFieldsView.xib in Resources */ = {isa = PBXBuildFile; fileRef = 966ADAE9254D9BE900A480DD /* LabelSubmitFieldsView.xib */; };
		966ADAEC254D9DDD00A480DD /* LabelSubmitFieldsView+LoadFromNib.swift in Sources */ = {isa = PBXBuildFile; fileRef = 966ADAEB254D9DDD00A480DD /* LabelSubmitFieldsView+LoadFromNib.swift */; };
		966DD02B254A259F00A44FBA /* Array+SafeAccess.swift in Sources */ = {isa = PBXBuildFile; fileRef = 966DD02A254A259F00A44FBA /* Array+SafeAccess.swift */; };
		966DD039254A5B1600A44FBA /* Milestone.swift in Sources */ = {isa = PBXBuildFile; fileRef = 966DD038254A5B1600A44FBA /* Milestone.swift */; };
		9670B37F2549E9E10026B0C9 /* MainTabBarController.swift in Sources */ = {isa = PBXBuildFile; fileRef = 9670B37E2549E9E10026B0C9 /* MainTabBarController.swift */; };
		9679DFB6254D767400550BE4 /* SubmitFormView.swift in Sources */ = {isa = PBXBuildFile; fileRef = 9679DFB5254D767400550BE4 /* SubmitFormView.swift */; };
		9679DFB9254D768C00550BE4 /* SubmitFormView.xib in Resources */ = {isa = PBXBuildFile; fileRef = 9679DFB8254D768C00550BE4 /* SubmitFormView.xib */; };
		9679DFBD254D78D000550BE4 /* SubmitFieldProtocol.swift in Sources */ = {isa = PBXBuildFile; fileRef = 9679DFBC254D78D000550BE4 /* SubmitFieldProtocol.swift */; };
		9679DFBF254D7A0E00550BE4 /* MilestoneSubmitFieldsView.swift in Sources */ = {isa = PBXBuildFile; fileRef = 9679DFBE254D7A0E00550BE4 /* MilestoneSubmitFieldsView.swift */; };
		9679DFC1254D7ADC00550BE4 /* MilestoneSubmitFieldsView.xib in Resources */ = {isa = PBXBuildFile; fileRef = 9679DFC0254D7ADC00550BE4 /* MilestoneSubmitFieldsView.xib */; };
		96A58F3B254A629500248F1E /* MilestoneItemViewModel.swift in Sources */ = {isa = PBXBuildFile; fileRef = 96A58F3A254A629400248F1E /* MilestoneItemViewModel.swift */; };
		96A58F3D254A6A3300248F1E /* DateFormatter+.swift in Sources */ = {isa = PBXBuildFile; fileRef = 96A58F3C254A6A3300248F1E /* DateFormatter+.swift */; };
		96A58F3F254A6C2500248F1E /* Date+.swift in Sources */ = {isa = PBXBuildFile; fileRef = 96A58F3E254A6C2500248F1E /* Date+.swift */; };
		96A58F40254A6E4100248F1E /* Milestone.swift in Sources */ = {isa = PBXBuildFile; fileRef = 966DD038254A5B1600A44FBA /* Milestone.swift */; };
		96A58F41254A6E4100248F1E /* MilestoneItemViewModel.swift in Sources */ = {isa = PBXBuildFile; fileRef = 96A58F3A254A629400248F1E /* MilestoneItemViewModel.swift */; };
		96A58F43254A6E6000248F1E /* MilestoneTests.swift in Sources */ = {isa = PBXBuildFile; fileRef = 96A58F42254A6E6000248F1E /* MilestoneTests.swift */; };
		96A58F46254A6F4100248F1E /* DateFormatter+.swift in Sources */ = {isa = PBXBuildFile; fileRef = 96A58F3C254A6A3300248F1E /* DateFormatter+.swift */; };
		96A58F47254A6F4100248F1E /* Date+.swift in Sources */ = {isa = PBXBuildFile; fileRef = 96A58F3E254A6C2500248F1E /* Date+.swift */; };
		96A58F48254A6F4500248F1E /* Array+SafeAccess.swift in Sources */ = {isa = PBXBuildFile; fileRef = 966DD02A254A259F00A44FBA /* Array+SafeAccess.swift */; };
		96A58F53254A91AC00248F1E /* String+Regex.swift in Sources */ = {isa = PBXBuildFile; fileRef = 96A58F52254A91AC00248F1E /* String+Regex.swift */; };
		96A58F55254AA5BC00248F1E /* String+Date.swift in Sources */ = {isa = PBXBuildFile; fileRef = 96A58F54254AA5BC00248F1E /* String+Date.swift */; };
		96C734D32549444E00DEC9A4 /* LabelListViewModel.swift in Sources */ = {isa = PBXBuildFile; fileRef = 96C734D22549444E00DEC9A4 /* LabelListViewModel.swift */; };
		96C734D52549452600DEC9A4 /* LabelItemViewModel.swift in Sources */ = {isa = PBXBuildFile; fileRef = 96C734D42549452600DEC9A4 /* LabelItemViewModel.swift */; };
		96C8357525490F1A0086A6E6 /* BadgeLabelView.swift in Sources */ = {isa = PBXBuildFile; fileRef = 96C8357425490F1A0086A6E6 /* BadgeLabelView.swift */; };
		96DD118B2550F3930065F44A /* ConditionCellViewModel.swift in Sources */ = {isa = PBXBuildFile; fileRef = 96DD118A2550F3930065F44A /* ConditionCellViewModel.swift */; };
		96F95BFA254E6C4A00EC00C6 /* IssueListViewController.swift in Sources */ = {isa = PBXBuildFile; fileRef = 96F95BF9254E6C4A00EC00C6 /* IssueListViewController.swift */; };
		96F95BFC254E6E4C00EC00C6 /* Issue.swift in Sources */ = {isa = PBXBuildFile; fileRef = 96F95BFB254E6E4C00EC00C6 /* Issue.swift */; };
		96F95C02254E891E00EC00C6 /* CGFloat+Clamp.swift in Sources */ = {isa = PBXBuildFile; fileRef = 96F95C01254E891E00EC00C6 /* CGFloat+Clamp.swift */; };
		96F95C07254EA70B00EC00C6 /* IssueCellView.swift in Sources */ = {isa = PBXBuildFile; fileRef = 96F95C05254EA70B00EC00C6 /* IssueCellView.swift */; };
		96F95C08254EA70B00EC00C6 /* IssueCellView.xib in Resources */ = {isa = PBXBuildFile; fileRef = 96F95C06254EA70B00EC00C6 /* IssueCellView.xib */; };
		D2C7CE68FC3C8579A64346BE /* Pods_IssueTrackerTests.framework in Frameworks */ = {isa = PBXBuildFile; fileRef = 0109B64F210AD3E237D228DA /* Pods_IssueTrackerTests.framework */; };
/* End PBXBuildFile section */

/* Begin PBXContainerItemProxy section */
		9521FCBA254FE7FE00FC0220 /* PBXContainerItemProxy */ = {
			isa = PBXContainerItemProxy;
			containerPortal = 95E9F5702546EC06001FBA0D /* Project object */;
			proxyType = 1;
			remoteGlobalIDString = 9521FCAF254FE7FD00FC0220;
			remoteInfo = NetworkFramework;
		};
		9521FCBC254FE7FE00FC0220 /* PBXContainerItemProxy */ = {
			isa = PBXContainerItemProxy;
			containerPortal = 95E9F5702546EC06001FBA0D /* Project object */;
			proxyType = 1;
			remoteGlobalIDString = 95E9F5772546EC06001FBA0D;
			remoteInfo = IssueTracker;
		};
		9521FCC3254FE7FE00FC0220 /* PBXContainerItemProxy */ = {
			isa = PBXContainerItemProxy;
			containerPortal = 95E9F5702546EC06001FBA0D /* Project object */;
			proxyType = 1;
			remoteGlobalIDString = 9521FCAF254FE7FD00FC0220;
			remoteInfo = NetworkFramework;
		};
		95E9F58F2546EC0C001FBA0D /* PBXContainerItemProxy */ = {
			isa = PBXContainerItemProxy;
			containerPortal = 95E9F5702546EC06001FBA0D /* Project object */;
			proxyType = 1;
			remoteGlobalIDString = 95E9F5772546EC06001FBA0D;
			remoteInfo = IssueTracker;
		};
/* End PBXContainerItemProxy section */

/* Begin PBXCopyFilesBuildPhase section */
		9521FCCA254FE7FE00FC0220 /* Embed Frameworks */ = {
			isa = PBXCopyFilesBuildPhase;
			buildActionMask = 2147483647;
			dstPath = "";
			dstSubfolderSpec = 10;
			files = (
				9521FCC6254FE7FE00FC0220 /* NetworkFramework.framework in Embed Frameworks */,
			);
			name = "Embed Frameworks";
			runOnlyForDeploymentPostprocessing = 0;
		};
/* End PBXCopyFilesBuildPhase section */

/* Begin PBXFileReference section */
		0109B64F210AD3E237D228DA /* Pods_IssueTrackerTests.framework */ = {isa = PBXFileReference; explicitFileType = wrapper.framework; includeInIndex = 0; path = Pods_IssueTrackerTests.framework; sourceTree = BUILT_PRODUCTS_DIR; };
		1F538126B46A1B17CF926A6A /* Pods-IssueTracker.debug.xcconfig */ = {isa = PBXFileReference; includeInIndex = 1; lastKnownFileType = text.xcconfig; name = "Pods-IssueTracker.debug.xcconfig"; path = "Target Support Files/Pods-IssueTracker/Pods-IssueTracker.debug.xcconfig"; sourceTree = "<group>"; };
		2E821A460A4A5DD482366AE3 /* Pods-IssueTracker.release.xcconfig */ = {isa = PBXFileReference; includeInIndex = 1; lastKnownFileType = text.xcconfig; name = "Pods-IssueTracker.release.xcconfig"; path = "Target Support Files/Pods-IssueTracker/Pods-IssueTracker.release.xcconfig"; sourceTree = "<group>"; };
		9505446E254AA6E0007767C6 /* UIView+ShowAlert.swift */ = {isa = PBXFileReference; lastKnownFileType = sourcecode.swift; path = "UIView+ShowAlert.swift"; sourceTree = "<group>"; };
		95054472254AAC0D007767C6 /* CollectionView+.swift */ = {isa = PBXFileReference; lastKnownFileType = sourcecode.swift; path = "CollectionView+.swift"; sourceTree = "<group>"; };
		950EA05A2547FFA0005BE133 /* LabelCellView.swift */ = {isa = PBXFileReference; lastKnownFileType = sourcecode.swift; path = LabelCellView.swift; sourceTree = "<group>"; };
		950EA05B2547FFA0005BE133 /* LabelCellView.xib */ = {isa = PBXFileReference; lastKnownFileType = file.xib; path = LabelCellView.xib; sourceTree = "<group>"; };
		950EA05E2547FFF9005BE133 /* HeaderView.swift */ = {isa = PBXFileReference; lastKnownFileType = sourcecode.swift; path = HeaderView.swift; sourceTree = "<group>"; };
		950EA05F2547FFF9005BE133 /* HeaderView.xib */ = {isa = PBXFileReference; lastKnownFileType = file.xib; path = HeaderView.xib; sourceTree = "<group>"; };
		950EB00C254A8DE2004857C2 /* MilestoneListViewModel.swift */ = {isa = PBXFileReference; lastKnownFileType = sourcecode.swift; path = MilestoneListViewModel.swift; sourceTree = "<group>"; };
		950EB00E254A94D0004857C2 /* UILabel+FontSize.swift */ = {isa = PBXFileReference; lastKnownFileType = sourcecode.swift; path = "UILabel+FontSize.swift"; sourceTree = "<group>"; };
		9521FCB0254FE7FD00FC0220 /* NetworkFramework.framework */ = {isa = PBXFileReference; explicitFileType = wrapper.framework; includeInIndex = 0; path = NetworkFramework.framework; sourceTree = BUILT_PRODUCTS_DIR; };
		9521FCB2254FE7FD00FC0220 /* NetworkFramework.h */ = {isa = PBXFileReference; lastKnownFileType = sourcecode.c.h; path = NetworkFramework.h; sourceTree = "<group>"; };
		9521FCB3254FE7FD00FC0220 /* Info.plist */ = {isa = PBXFileReference; lastKnownFileType = text.plist.xml; path = Info.plist; sourceTree = "<group>"; };
		9521FCB8254FE7FE00FC0220 /* NetworkFrameworkTests.xctest */ = {isa = PBXFileReference; explicitFileType = wrapper.cfbundle; includeInIndex = 0; path = NetworkFrameworkTests.xctest; sourceTree = BUILT_PRODUCTS_DIR; };
		9521FCBF254FE7FE00FC0220 /* NetworkFrameworkTests.swift */ = {isa = PBXFileReference; lastKnownFileType = sourcecode.swift; path = NetworkFrameworkTests.swift; sourceTree = "<group>"; };
		9521FCC1254FE7FE00FC0220 /* Info.plist */ = {isa = PBXFileReference; lastKnownFileType = text.plist.xml; path = Info.plist; sourceTree = "<group>"; };
		9521FCCE254FE84D00FC0220 /* DataLoader.swift */ = {isa = PBXFileReference; lastKnownFileType = sourcecode.swift; path = DataLoader.swift; sourceTree = "<group>"; };
		952FF3D4254805EE0042A96F /* Header+CollectionView.swift */ = {isa = PBXFileReference; lastKnownFileType = sourcecode.swift; path = "Header+CollectionView.swift"; sourceTree = "<group>"; };
		957D8220255060DA0033484F /* AddNewIssueViewController.swift */ = {isa = PBXFileReference; lastKnownFileType = sourcecode.swift; path = AddNewIssueViewController.swift; sourceTree = "<group>"; };
		956B5D0425503D20001CBAA9 /* MilestoneEndPoint.swift */ = {isa = PBXFileReference; lastKnownFileType = sourcecode.swift; path = MilestoneEndPoint.swift; sourceTree = "<group>"; };
		956B5D0625503E8A001CBAA9 /* LabelEndPoint.swift */ = {isa = PBXFileReference; lastKnownFileType = sourcecode.swift; path = LabelEndPoint.swift; sourceTree = "<group>"; };
		95C2F8942547EBE0006B3BC6 /* Label.swift */ = {isa = PBXFileReference; lastKnownFileType = sourcecode.swift; path = Label.swift; sourceTree = "<group>"; };
		95C2F8972547EDC7006B3BC6 /* ColorConvertTests.swift */ = {isa = PBXFileReference; lastKnownFileType = sourcecode.swift; path = ColorConvertTests.swift; sourceTree = "<group>"; };
		95C2F89B2547EF47006B3BC6 /* String+Color.swift */ = {isa = PBXFileReference; lastKnownFileType = sourcecode.swift; path = "String+Color.swift"; sourceTree = "<group>"; };
		95C36580254A6F80008ACCB5 /* MilestoneListViewController.swift */ = {isa = PBXFileReference; lastKnownFileType = sourcecode.swift; name = MilestoneListViewController.swift; path = View/MilestoneListViewController.swift; sourceTree = "<group>"; };
		95C36590254A76BB008ACCB5 /* MilestoneCellView.swift */ = {isa = PBXFileReference; lastKnownFileType = sourcecode.swift; path = MilestoneCellView.swift; sourceTree = "<group>"; };
		95C36591254A76BB008ACCB5 /* MilestoneCellView.xib */ = {isa = PBXFileReference; lastKnownFileType = file.xib; path = MilestoneCellView.xib; sourceTree = "<group>"; };
		95E9F5782546EC06001FBA0D /* IssueTracker.app */ = {isa = PBXFileReference; explicitFileType = wrapper.application; includeInIndex = 0; path = IssueTracker.app; sourceTree = BUILT_PRODUCTS_DIR; };
		95E9F57B2546EC07001FBA0D /* AppDelegate.swift */ = {isa = PBXFileReference; lastKnownFileType = sourcecode.swift; path = AppDelegate.swift; sourceTree = "<group>"; };
		95E9F57D2546EC07001FBA0D /* SceneDelegate.swift */ = {isa = PBXFileReference; lastKnownFileType = sourcecode.swift; path = SceneDelegate.swift; sourceTree = "<group>"; };
		95E9F57F2546EC07001FBA0D /* LabelListViewController.swift */ = {isa = PBXFileReference; lastKnownFileType = sourcecode.swift; path = LabelListViewController.swift; sourceTree = "<group>"; };
		95E9F5822546EC07001FBA0D /* Base */ = {isa = PBXFileReference; lastKnownFileType = file.storyboard; name = Base; path = Base.lproj/Main.storyboard; sourceTree = "<group>"; };
		95E9F5842546EC0C001FBA0D /* Assets.xcassets */ = {isa = PBXFileReference; lastKnownFileType = folder.assetcatalog; path = Assets.xcassets; sourceTree = "<group>"; };
		95E9F5872546EC0C001FBA0D /* Base */ = {isa = PBXFileReference; lastKnownFileType = file.storyboard; name = Base; path = Base.lproj/LaunchScreen.storyboard; sourceTree = "<group>"; };
		95E9F5892546EC0C001FBA0D /* Info.plist */ = {isa = PBXFileReference; lastKnownFileType = text.plist.xml; path = Info.plist; sourceTree = "<group>"; };
		95E9F58E2546EC0C001FBA0D /* IssueTrackerTests.xctest */ = {isa = PBXFileReference; explicitFileType = wrapper.cfbundle; includeInIndex = 0; path = IssueTrackerTests.xctest; sourceTree = BUILT_PRODUCTS_DIR; };
		95E9F5922546EC0C001FBA0D /* LabelModelTests.swift */ = {isa = PBXFileReference; lastKnownFileType = sourcecode.swift; path = LabelModelTests.swift; sourceTree = "<group>"; };
		95E9F5942546EC0C001FBA0D /* Info.plist */ = {isa = PBXFileReference; lastKnownFileType = text.plist.xml; path = Info.plist; sourceTree = "<group>"; };
		9613C12D2547B265005EF13C /* .swiftlint.yml */ = {isa = PBXFileReference; lastKnownFileType = text.yaml; path = .swiftlint.yml; sourceTree = "<group>"; };
		9627A5A725506985000BFF4D /* UITableView+.swift */ = {isa = PBXFileReference; lastKnownFileType = sourcecode.swift; path = "UITableView+.swift"; sourceTree = "<group>"; };
		9627A5AB255087FF000BFF4D /* ConditionCellView.swift */ = {isa = PBXFileReference; lastKnownFileType = sourcecode.swift; path = ConditionCellView.swift; sourceTree = "<group>"; };
		963971EF2549BC45005BB4FA /* LabelListViewControllerTests.swift */ = {isa = PBXFileReference; lastKnownFileType = sourcecode.swift; path = LabelListViewControllerTests.swift; sourceTree = "<group>"; };
		963971F12549BC5F005BB4FA /* LabelListViewModelMock.swift */ = {isa = PBXFileReference; lastKnownFileType = sourcecode.swift; path = LabelListViewModelMock.swift; sourceTree = "<group>"; };
		963971F42549D5AF005BB4FA /* LabelCellViewTest.swift */ = {isa = PBXFileReference; lastKnownFileType = sourcecode.swift; path = LabelCellViewTest.swift; sourceTree = "<group>"; };
		963971F82549D9B6005BB4FA /* LabelSubmitFormViewTests.swift */ = {isa = PBXFileReference; lastKnownFileType = sourcecode.swift; path = LabelSubmitFormViewTests.swift; sourceTree = "<group>"; };
		965F09732550425A00B3A248 /* IssueFilterViewController.swift */ = {isa = PBXFileReference; lastKnownFileType = sourcecode.swift; path = IssueFilterViewController.swift; sourceTree = "<group>"; };
		965F097B25505A1200B3A248 /* DetailConditionFilterViewController.swift */ = {isa = PBXFileReference; lastKnownFileType = sourcecode.swift; path = DetailConditionFilterViewController.swift; sourceTree = "<group>"; };
		965F097C25505A1200B3A248 /* DetailConditionFilterViewController.xib */ = {isa = PBXFileReference; lastKnownFileType = file.xib; path = DetailConditionFilterViewController.xib; sourceTree = "<group>"; };
		965F098025505B7800B3A248 /* LabelConditionCellView.swift */ = {isa = PBXFileReference; lastKnownFileType = sourcecode.swift; path = LabelConditionCellView.swift; sourceTree = "<group>"; };
		965F098125505B7800B3A248 /* LabelConditionCellView.xib */ = {isa = PBXFileReference; lastKnownFileType = file.xib; path = LabelConditionCellView.xib; sourceTree = "<group>"; };
		965F098625505B9D00B3A248 /* UserConditionCellView.swift */ = {isa = PBXFileReference; lastKnownFileType = sourcecode.swift; path = UserConditionCellView.swift; sourceTree = "<group>"; };
		965F098725505B9D00B3A248 /* UserConditionCellView.xib */ = {isa = PBXFileReference; lastKnownFileType = file.xib; path = UserConditionCellView.xib; sourceTree = "<group>"; };
		965F098B25505C0200B3A248 /* MilestoneConditionCellView.swift */ = {isa = PBXFileReference; lastKnownFileType = sourcecode.swift; path = MilestoneConditionCellView.swift; sourceTree = "<group>"; };
		965F098C25505C0200B3A248 /* MilestoneConditionCellView.xib */ = {isa = PBXFileReference; lastKnownFileType = file.xib; path = MilestoneConditionCellView.xib; sourceTree = "<group>"; };
		965F09702550299A00B3A248 /* JSONDecoder+Decode.swift */ = {isa = PBXFileReference; lastKnownFileType = sourcecode.swift; path = "JSONDecoder+Decode.swift"; sourceTree = "<group>"; };
		966ADAE2254D8B0800A480DD /* SubmitFormView+LoadFromNib.swift */ = {isa = PBXFileReference; lastKnownFileType = sourcecode.swift; path = "SubmitFormView+LoadFromNib.swift"; sourceTree = "<group>"; };
		966ADAE4254D9B7C00A480DD /* MilestoneSubmitFieldsView+LoadFromNib.swift */ = {isa = PBXFileReference; lastKnownFileType = sourcecode.swift; path = "MilestoneSubmitFieldsView+LoadFromNib.swift"; sourceTree = "<group>"; };
		966ADAE7254D9BD400A480DD /* LabelSubmitFieldsView.swift */ = {isa = PBXFileReference; lastKnownFileType = sourcecode.swift; path = LabelSubmitFieldsView.swift; sourceTree = "<group>"; };
		966ADAE9254D9BE900A480DD /* LabelSubmitFieldsView.xib */ = {isa = PBXFileReference; lastKnownFileType = file.xib; path = LabelSubmitFieldsView.xib; sourceTree = "<group>"; };
		966ADAEB254D9DDD00A480DD /* LabelSubmitFieldsView+LoadFromNib.swift */ = {isa = PBXFileReference; lastKnownFileType = sourcecode.swift; path = "LabelSubmitFieldsView+LoadFromNib.swift"; sourceTree = "<group>"; };
		966DD02A254A259F00A44FBA /* Array+SafeAccess.swift */ = {isa = PBXFileReference; lastKnownFileType = sourcecode.swift; path = "Array+SafeAccess.swift"; sourceTree = "<group>"; };
		966DD038254A5B1600A44FBA /* Milestone.swift */ = {isa = PBXFileReference; lastKnownFileType = sourcecode.swift; path = Milestone.swift; sourceTree = "<group>"; };
		9670B37E2549E9E10026B0C9 /* MainTabBarController.swift */ = {isa = PBXFileReference; lastKnownFileType = sourcecode.swift; path = MainTabBarController.swift; sourceTree = "<group>"; };
		9679DFB5254D767400550BE4 /* SubmitFormView.swift */ = {isa = PBXFileReference; lastKnownFileType = sourcecode.swift; path = SubmitFormView.swift; sourceTree = "<group>"; };
		9679DFB8254D768C00550BE4 /* SubmitFormView.xib */ = {isa = PBXFileReference; lastKnownFileType = file.xib; path = SubmitFormView.xib; sourceTree = "<group>"; };
		9679DFBC254D78D000550BE4 /* SubmitFieldProtocol.swift */ = {isa = PBXFileReference; lastKnownFileType = sourcecode.swift; path = SubmitFieldProtocol.swift; sourceTree = "<group>"; };
		9679DFBE254D7A0E00550BE4 /* MilestoneSubmitFieldsView.swift */ = {isa = PBXFileReference; lastKnownFileType = sourcecode.swift; path = MilestoneSubmitFieldsView.swift; sourceTree = "<group>"; };
		9679DFC0254D7ADC00550BE4 /* MilestoneSubmitFieldsView.xib */ = {isa = PBXFileReference; lastKnownFileType = file.xib; path = MilestoneSubmitFieldsView.xib; sourceTree = "<group>"; };
		96A58F3A254A629400248F1E /* MilestoneItemViewModel.swift */ = {isa = PBXFileReference; lastKnownFileType = sourcecode.swift; path = MilestoneItemViewModel.swift; sourceTree = "<group>"; };
		96A58F3C254A6A3300248F1E /* DateFormatter+.swift */ = {isa = PBXFileReference; lastKnownFileType = sourcecode.swift; name = "DateFormatter+.swift"; path = "IssueTracker/06.Extensions/DateFormatter+.swift"; sourceTree = SOURCE_ROOT; };
		96A58F3E254A6C2500248F1E /* Date+.swift */ = {isa = PBXFileReference; lastKnownFileType = sourcecode.swift; path = "Date+.swift"; sourceTree = "<group>"; };
		96A58F42254A6E6000248F1E /* MilestoneTests.swift */ = {isa = PBXFileReference; lastKnownFileType = sourcecode.swift; path = MilestoneTests.swift; sourceTree = "<group>"; };
		96A58F52254A91AC00248F1E /* String+Regex.swift */ = {isa = PBXFileReference; lastKnownFileType = sourcecode.swift; path = "String+Regex.swift"; sourceTree = "<group>"; };
		96A58F54254AA5BC00248F1E /* String+Date.swift */ = {isa = PBXFileReference; lastKnownFileType = sourcecode.swift; path = "String+Date.swift"; sourceTree = "<group>"; };
		96C734D22549444E00DEC9A4 /* LabelListViewModel.swift */ = {isa = PBXFileReference; lastKnownFileType = sourcecode.swift; path = LabelListViewModel.swift; sourceTree = "<group>"; };
		96C734D42549452600DEC9A4 /* LabelItemViewModel.swift */ = {isa = PBXFileReference; lastKnownFileType = sourcecode.swift; path = LabelItemViewModel.swift; sourceTree = "<group>"; };
		96C8357425490F1A0086A6E6 /* BadgeLabelView.swift */ = {isa = PBXFileReference; lastKnownFileType = sourcecode.swift; path = BadgeLabelView.swift; sourceTree = "<group>"; };
		96DD118A2550F3930065F44A /* ConditionCellViewModel.swift */ = {isa = PBXFileReference; lastKnownFileType = sourcecode.swift; path = ConditionCellViewModel.swift; sourceTree = "<group>"; };
		96F95BF9254E6C4A00EC00C6 /* IssueListViewController.swift */ = {isa = PBXFileReference; lastKnownFileType = sourcecode.swift; path = IssueListViewController.swift; sourceTree = "<group>"; };
		96F95BFB254E6E4C00EC00C6 /* Issue.swift */ = {isa = PBXFileReference; lastKnownFileType = sourcecode.swift; path = Issue.swift; sourceTree = "<group>"; };
		96F95C01254E891E00EC00C6 /* CGFloat+Clamp.swift */ = {isa = PBXFileReference; lastKnownFileType = sourcecode.swift; path = "CGFloat+Clamp.swift"; sourceTree = "<group>"; };
		96F95C05254EA70B00EC00C6 /* IssueCellView.swift */ = {isa = PBXFileReference; lastKnownFileType = sourcecode.swift; path = IssueCellView.swift; sourceTree = "<group>"; };
		96F95C06254EA70B00EC00C6 /* IssueCellView.xib */ = {isa = PBXFileReference; lastKnownFileType = file.xib; path = IssueCellView.xib; sourceTree = "<group>"; };
		B9280E9634EEE3C0BADC1EBF /* Pods-IssueTrackerTests.release.xcconfig */ = {isa = PBXFileReference; includeInIndex = 1; lastKnownFileType = text.xcconfig; name = "Pods-IssueTrackerTests.release.xcconfig"; path = "Target Support Files/Pods-IssueTrackerTests/Pods-IssueTrackerTests.release.xcconfig"; sourceTree = "<group>"; };
		EF5A0B739C1DAF0771E82345 /* Pods_IssueTracker.framework */ = {isa = PBXFileReference; explicitFileType = wrapper.framework; includeInIndex = 0; path = Pods_IssueTracker.framework; sourceTree = BUILT_PRODUCTS_DIR; };
		F1A7FBAD0CB05FF3BD8DEF4A /* Pods-IssueTrackerTests.debug.xcconfig */ = {isa = PBXFileReference; includeInIndex = 1; lastKnownFileType = text.xcconfig; name = "Pods-IssueTrackerTests.debug.xcconfig"; path = "Target Support Files/Pods-IssueTrackerTests/Pods-IssueTrackerTests.debug.xcconfig"; sourceTree = "<group>"; };
/* End PBXFileReference section */

/* Begin PBXFrameworksBuildPhase section */
		9521FCAD254FE7FD00FC0220 /* Frameworks */ = {
			isa = PBXFrameworksBuildPhase;
			buildActionMask = 2147483647;
			files = (
			);
			runOnlyForDeploymentPostprocessing = 0;
		};
		9521FCB5254FE7FE00FC0220 /* Frameworks */ = {
			isa = PBXFrameworksBuildPhase;
			buildActionMask = 2147483647;
			files = (
				9521FCB9254FE7FE00FC0220 /* NetworkFramework.framework in Frameworks */,
			);
			runOnlyForDeploymentPostprocessing = 0;
		};
		95E9F5752546EC06001FBA0D /* Frameworks */ = {
			isa = PBXFrameworksBuildPhase;
			buildActionMask = 2147483647;
			files = (
				9521FCC5254FE7FE00FC0220 /* NetworkFramework.framework in Frameworks */,
				60D4FF13E042363CE8805B41 /* Pods_IssueTracker.framework in Frameworks */,
			);
			runOnlyForDeploymentPostprocessing = 0;
		};
		95E9F58B2546EC0C001FBA0D /* Frameworks */ = {
			isa = PBXFrameworksBuildPhase;
			buildActionMask = 2147483647;
			files = (
				D2C7CE68FC3C8579A64346BE /* Pods_IssueTrackerTests.framework in Frameworks */,
			);
			runOnlyForDeploymentPostprocessing = 0;
		};
/* End PBXFrameworksBuildPhase section */

/* Begin PBXGroup section */
		55C5FD67C43DD39CDB72E799 /* Frameworks */ = {
			isa = PBXGroup;
			children = (
				EF5A0B739C1DAF0771E82345 /* Pods_IssueTracker.framework */,
				0109B64F210AD3E237D228DA /* Pods_IssueTrackerTests.framework */,
			);
			name = Frameworks;
			sourceTree = "<group>";
		};
		950EA0592547FF74005BE133 /* View */ = {
			isa = PBXGroup;
			children = (
				95E9F57F2546EC07001FBA0D /* LabelListViewController.swift */,
				966ADAE6254D9BB300A480DD /* SubmitFields */,
				952FF3D82548142E0042A96F /* LabelCell */,
			);
			path = View;
			sourceTree = "<group>";
		};
		9521FCB1254FE7FD00FC0220 /* NetworkFramework */ = {
			isa = PBXGroup;
			children = (
				9521FCB2254FE7FD00FC0220 /* NetworkFramework.h */,
				9521FCB3254FE7FD00FC0220 /* Info.plist */,
				9521FCCE254FE84D00FC0220 /* DataLoader.swift */,
			);
			path = NetworkFramework;
			sourceTree = "<group>";
		};
		9521FCBE254FE7FE00FC0220 /* NetworkFrameworkTests */ = {
			isa = PBXGroup;
			children = (
				9521FCBF254FE7FE00FC0220 /* NetworkFrameworkTests.swift */,
				9521FCC1254FE7FE00FC0220 /* Info.plist */,
			);
			path = NetworkFrameworkTests;
			sourceTree = "<group>";
		};
		952FF3D1254804120042A96F /* 06.Extensions */ = {
			isa = PBXGroup;
			children = (
				96A58F3C254A6A3300248F1E /* DateFormatter+.swift */,
				95C2F89B2547EF47006B3BC6 /* String+Color.swift */,
				966DD02A254A259F00A44FBA /* Array+SafeAccess.swift */,
				96A58F3E254A6C2500248F1E /* Date+.swift */,
				950EB00E254A94D0004857C2 /* UILabel+FontSize.swift */,
				96A58F52254A91AC00248F1E /* String+Regex.swift */,
				9505446E254AA6E0007767C6 /* UIView+ShowAlert.swift */,
				95054472254AAC0D007767C6 /* CollectionView+.swift */,
				96A58F54254AA5BC00248F1E /* String+Date.swift */,

				9627A5A725506985000BFF4D /* UITableView+.swift */,
				96F95C01254E891E00EC00C6 /* CGFloat+Clamp.swift */,
				965F09702550299A00B3A248 /* JSONDecoder+Decode.swift */,
			);
			path = 06.Extensions;
			sourceTree = "<group>";
		};
		952FF3D7254813F50042A96F /* 02.LabelScene */ = {
			isa = PBXGroup;
			children = (
				96C734D1254943BF00DEC9A4 /* ViewModel */,
				950EA0592547FF74005BE133 /* View */,
			);
			path = 02.LabelScene;
			sourceTree = "<group>";
		};
		952FF3D82548142E0042A96F /* LabelCell */ = {
			isa = PBXGroup;
			children = (
				950EA05A2547FFA0005BE133 /* LabelCellView.swift */,
				950EA05B2547FFA0005BE133 /* LabelCellView.xib */,
			);
			path = LabelCell;
			sourceTree = "<group>";
		};
		952FF3D9254814350042A96F /* Header */ = {
			isa = PBXGroup;
			children = (
				950EA05E2547FFF9005BE133 /* HeaderView.swift */,
				950EA05F2547FFF9005BE133 /* HeaderView.xib */,
				952FF3D4254805EE0042A96F /* Header+CollectionView.swift */,
			);
			path = Header;
			sourceTree = "<group>";
		};
		952FF3DA254814650042A96F /* 07.Supports */ = {
			isa = PBXGroup;
			children = (
				95E9F5842546EC0C001FBA0D /* Assets.xcassets */,
				95E9F5862546EC0C001FBA0D /* LaunchScreen.storyboard */,
				95E9F5892546EC0C001FBA0D /* Info.plist */,
			);
			path = 07.Supports;
			sourceTree = "<group>";
		};
		956B5D0325503D06001CBAA9 /* 08.Endpoints */ = {
			isa = PBXGroup;
			children = (
				956B5D0425503D20001CBAA9 /* MilestoneEndPoint.swift */,
				956B5D0625503E8A001CBAA9 /* LabelEndPoint.swift */,
			);
			path = 08.Endpoints;
			sourceTree = "<group>";
		};
		957DBF9A25513FA80051123C /* 04.Models */ = {
			isa = PBXGroup;
			children = (
				96F95BFB254E6E4C00EC00C6 /* Issue.swift */,
				95C2F8942547EBE0006B3BC6 /* Label.swift */,
				966DD038254A5B1600A44FBA /* Milestone.swift */,
			);
			path = 04.Models;
			sourceTree = "<group>";
		};
		95C36589254A7415008ACCB5 /* MilestoneCell */ = {
			isa = PBXGroup;
			children = (
				95C36590254A76BB008ACCB5 /* MilestoneCellView.swift */,
				95C36591254A76BB008ACCB5 /* MilestoneCellView.xib */,
			);
			name = MilestoneCell;
			path = View/MilestoneCell;
			sourceTree = "<group>";
		};
		95E9F56F2546EC06001FBA0D = {
			isa = PBXGroup;
			children = (
				9613C12D2547B265005EF13C /* .swiftlint.yml */,
				95E9F57A2546EC06001FBA0D /* IssueTracker */,
				95E9F5912546EC0C001FBA0D /* IssueTrackerTests */,
				9521FCB1254FE7FD00FC0220 /* NetworkFramework */,
				9521FCBE254FE7FE00FC0220 /* NetworkFrameworkTests */,
				95E9F5792546EC06001FBA0D /* Products */,
				9E2F3F721E0479B9F088C18C /* Pods */,
				55C5FD67C43DD39CDB72E799 /* Frameworks */,
			);
			sourceTree = "<group>";
		};
		95E9F5792546EC06001FBA0D /* Products */ = {
			isa = PBXGroup;
			children = (
				95E9F5782546EC06001FBA0D /* IssueTracker.app */,
				95E9F58E2546EC0C001FBA0D /* IssueTrackerTests.xctest */,
				9521FCB0254FE7FD00FC0220 /* NetworkFramework.framework */,
				9521FCB8254FE7FE00FC0220 /* NetworkFrameworkTests.xctest */,
			);
			name = Products;
			sourceTree = "<group>";
		};
		95E9F57A2546EC06001FBA0D /* IssueTracker */ = {
			isa = PBXGroup;
			children = (
				95E9F57B2546EC07001FBA0D /* AppDelegate.swift */,
				95E9F57D2546EC07001FBA0D /* SceneDelegate.swift */,
				9670B37D2549E9B80026B0C9 /* 00.MainTabBarScene */,
				96F95BF5254E691500EC00C6 /* 01.IssueScene */,
				952FF3D7254813F50042A96F /* 02.LabelScene */,
				966DD034254A5ADF00A44FBA /* 03.MilestoneScene */,
				957DBF9A25513FA80051123C /* 04.Models */,
				96C8357325490EFF0086A6E6 /* 05.CustomUI */,
				952FF3DA254814650042A96F /* 07.Supports */,
				952FF3D1254804120042A96F /* 06.Extensions */,
				95E9F5812546EC07001FBA0D /* Main.storyboard */,
				956B5D0325503D06001CBAA9 /* 08.Endpoints */,
			);
			path = IssueTracker;
			sourceTree = "<group>";
		};
		95E9F5912546EC0C001FBA0D /* IssueTrackerTests */ = {
			isa = PBXGroup;
			children = (
				963971DD2549BB6E005BB4FA /* Tests */,
				963971DC2549BB66005BB4FA /* Mocks */,
				95E9F5942546EC0C001FBA0D /* Info.plist */,
			);
			path = IssueTrackerTests;
			sourceTree = "<group>";
		};
		963971DC2549BB66005BB4FA /* Mocks */ = {
			isa = PBXGroup;
			children = (
				963971F12549BC5F005BB4FA /* LabelListViewModelMock.swift */,
			);
			path = Mocks;
			sourceTree = "<group>";
		};
		963971DD2549BB6E005BB4FA /* Tests */ = {
			isa = PBXGroup;
			children = (
				96A58F42254A6E6000248F1E /* MilestoneTests.swift */,
				963971F82549D9B6005BB4FA /* LabelSubmitFormViewTests.swift */,
				963971F42549D5AF005BB4FA /* LabelCellViewTest.swift */,
				95C2F8972547EDC7006B3BC6 /* ColorConvertTests.swift */,
				95E9F5922546EC0C001FBA0D /* LabelModelTests.swift */,
				963971EF2549BC45005BB4FA /* LabelListViewControllerTests.swift */,
			);
			path = Tests;
			sourceTree = "<group>";
		};
		965F09752550589F00B3A248 /* FilterScene */ = {
			isa = PBXGroup;
			children = (
				96DD118C2550F79A0065F44A /* ViewModel */,
				965F097F25505B5400B3A248 /* DetailConditionCells */,
				965F09732550425A00B3A248 /* IssueFilterViewController.swift */,
				965F097B25505A1200B3A248 /* DetailConditionFilterViewController.swift */,
				965F097C25505A1200B3A248 /* DetailConditionFilterViewController.xib */,
			);
			path = FilterScene;
			sourceTree = "<group>";
		};
		965F097F25505B5400B3A248 /* DetailConditionCells */ = {
			isa = PBXGroup;
			children = (
				965F098A25505BA800B3A248 /* Milestone */,
				965F098525505B8600B3A248 /* User */,
				965F098425505B7D00B3A248 /* Label */,
				9627A5AB255087FF000BFF4D /* ConditionCellView.swift */,
			);
			path = DetailConditionCells;
			sourceTree = "<group>";
		};
		965F098425505B7D00B3A248 /* Label */ = {
			isa = PBXGroup;
			children = (
				965F098025505B7800B3A248 /* LabelConditionCellView.swift */,
				965F098125505B7800B3A248 /* LabelConditionCellView.xib */,
			);
			path = Label;
			sourceTree = "<group>";
		};
		965F098525505B8600B3A248 /* User */ = {
			isa = PBXGroup;
			children = (
				965F098625505B9D00B3A248 /* UserConditionCellView.swift */,
				965F098725505B9D00B3A248 /* UserConditionCellView.xib */,
			);
			path = User;
			sourceTree = "<group>";
		};
		965F098A25505BA800B3A248 /* Milestone */ = {
			isa = PBXGroup;
			children = (
				965F098B25505C0200B3A248 /* MilestoneConditionCellView.swift */,
				965F098C25505C0200B3A248 /* MilestoneConditionCellView.xib */,
			);
			path = Milestone;
			sourceTree = "<group>";
		};
		966ADAE6254D9BB300A480DD /* SubmitFields */ = {
			isa = PBXGroup;
			children = (
				966ADAE7254D9BD400A480DD /* LabelSubmitFieldsView.swift */,
				966ADAE9254D9BE900A480DD /* LabelSubmitFieldsView.xib */,
				966ADAEB254D9DDD00A480DD /* LabelSubmitFieldsView+LoadFromNib.swift */,
			);
			path = SubmitFields;
			sourceTree = "<group>";
		};
		966DD034254A5ADF00A44FBA /* 03.MilestoneScene */ = {
			isa = PBXGroup;
			children = (
				966DD035254A5AF300A44FBA /* ViewModel */,
				966DD036254A5AFA00A44FBA /* View */,
			);
			path = 03.MilestoneScene;
			sourceTree = "<group>";
		};
		966DD035254A5AF300A44FBA /* ViewModel */ = {
			isa = PBXGroup;
			children = (
				96A58F3A254A629400248F1E /* MilestoneItemViewModel.swift */,
				950EB00C254A8DE2004857C2 /* MilestoneListViewModel.swift */,
			);
			path = ViewModel;
			sourceTree = "<group>";
		};
		966DD036254A5AFA00A44FBA /* View */ = {
			isa = PBXGroup;
			children = (
				95C36580254A6F80008ACCB5 /* MilestoneListViewController.swift */,
				9679DFBB254D789900550BE4 /* SubmitFields */,
				95C36589254A7415008ACCB5 /* MilestoneCell */,
			);
			name = View;
			sourceTree = "<group>";
		};
		9670B37D2549E9B80026B0C9 /* 00.MainTabBarScene */ = {
			isa = PBXGroup;
			children = (
				9670B37E2549E9E10026B0C9 /* MainTabBarController.swift */,
			);
			path = 00.MainTabBarScene;
			sourceTree = "<group>";
		};
		9679DFB7254D767800550BE4 /* SubmitForm */ = {
			isa = PBXGroup;
			children = (
				9679DFB5254D767400550BE4 /* SubmitFormView.swift */,
				9679DFB8254D768C00550BE4 /* SubmitFormView.xib */,
				966ADAE2254D8B0800A480DD /* SubmitFormView+LoadFromNib.swift */,
			);
			path = SubmitForm;
			sourceTree = "<group>";
		};
		9679DFBA254D786600550BE4 /* SubmitFields */ = {
			isa = PBXGroup;
			children = (
				9679DFBC254D78D000550BE4 /* SubmitFieldProtocol.swift */,
			);
			path = SubmitFields;
			sourceTree = "<group>";
		};
		9679DFBB254D789900550BE4 /* SubmitFields */ = {
			isa = PBXGroup;
			children = (
				9679DFBE254D7A0E00550BE4 /* MilestoneSubmitFieldsView.swift */,
				9679DFC0254D7ADC00550BE4 /* MilestoneSubmitFieldsView.xib */,
				966ADAE4254D9B7C00A480DD /* MilestoneSubmitFieldsView+LoadFromNib.swift */,
			);
			path = SubmitFields;
			sourceTree = "<group>";
		};
		96C734D1254943BF00DEC9A4 /* ViewModel */ = {
			isa = PBXGroup;
			children = (
				96C734D22549444E00DEC9A4 /* LabelListViewModel.swift */,
				96C734D42549452600DEC9A4 /* LabelItemViewModel.swift */,
			);
			path = ViewModel;
			sourceTree = "<group>";
		};
		96C8357325490EFF0086A6E6 /* 05.CustomUI */ = {
			isa = PBXGroup;
			children = (
				9679DFBA254D786600550BE4 /* SubmitFields */,
				9679DFB7254D767800550BE4 /* SubmitForm */,
				952FF3D9254814350042A96F /* Header */,
				96C8357425490F1A0086A6E6 /* BadgeLabelView.swift */,
			);
			path = 05.CustomUI;
			sourceTree = "<group>";
		};
		96DD118C2550F79A0065F44A /* ViewModel */ = {
			isa = PBXGroup;
			children = (
				96DD118A2550F3930065F44A /* ConditionCellViewModel.swift */,
			);
			path = ViewModel;
			sourceTree = "<group>";
		};
		96F95BF5254E691500EC00C6 /* 01.IssueScene */ = {
			isa = PBXGroup;
			children = (
				965F09752550589F00B3A248 /* FilterScene */,
				96F95BF7254E692F00EC00C6 /* View */,
				96F95BF6254E692800EC00C6 /* ViewModel */,
				96F95BF8254E693500EC00C6 /* Model */,
			);
			path = 01.IssueScene;
			sourceTree = "<group>";
		};
		96F95BF6254E692800EC00C6 /* ViewModel */ = {
			isa = PBXGroup;
			children = (
			);
			path = ViewModel;
			sourceTree = "<group>";
		};
		96F95BF7254E692F00EC00C6 /* View */ = {
			isa = PBXGroup;
			children = (
				96F95C03254EA6D000EC00C6 /* IssueCellView */,
				96F95BF9254E6C4A00EC00C6 /* IssueListViewController.swift */,
				957D8220255060DA0033484F /* AddNewIssueViewController.swift */,
			);
			path = View;
			sourceTree = "<group>";
		};
		96F95C03254EA6D000EC00C6 /* IssueCellView */ = {
			isa = PBXGroup;
			children = (
				96F95C05254EA70B00EC00C6 /* IssueCellView.swift */,
				96F95C06254EA70B00EC00C6 /* IssueCellView.xib */,
			);
			path = IssueCellView;
			sourceTree = "<group>";
		};
		9E2F3F721E0479B9F088C18C /* Pods */ = {
			isa = PBXGroup;
			children = (
				1F538126B46A1B17CF926A6A /* Pods-IssueTracker.debug.xcconfig */,
				2E821A460A4A5DD482366AE3 /* Pods-IssueTracker.release.xcconfig */,
				F1A7FBAD0CB05FF3BD8DEF4A /* Pods-IssueTrackerTests.debug.xcconfig */,
				B9280E9634EEE3C0BADC1EBF /* Pods-IssueTrackerTests.release.xcconfig */,
			);
			path = Pods;
			sourceTree = "<group>";
		};
/* End PBXGroup section */

/* Begin PBXHeadersBuildPhase section */
		9521FCAB254FE7FD00FC0220 /* Headers */ = {
			isa = PBXHeadersBuildPhase;
			buildActionMask = 2147483647;
			files = (
				9521FCC2254FE7FE00FC0220 /* NetworkFramework.h in Headers */,
			);
			runOnlyForDeploymentPostprocessing = 0;
		};
/* End PBXHeadersBuildPhase section */

/* Begin PBXNativeTarget section */
		9521FCAF254FE7FD00FC0220 /* NetworkFramework */ = {
			isa = PBXNativeTarget;
			buildConfigurationList = 9521FCC7254FE7FE00FC0220 /* Build configuration list for PBXNativeTarget "NetworkFramework" */;
			buildPhases = (
				9521FCAB254FE7FD00FC0220 /* Headers */,
				9521FCAC254FE7FD00FC0220 /* Sources */,
				9521FCAD254FE7FD00FC0220 /* Frameworks */,
				9521FCAE254FE7FD00FC0220 /* Resources */,
			);
			buildRules = (
			);
			dependencies = (
			);
			name = NetworkFramework;
			productName = NetworkFramework;
			productReference = 9521FCB0254FE7FD00FC0220 /* NetworkFramework.framework */;
			productType = "com.apple.product-type.framework";
		};
		9521FCB7254FE7FE00FC0220 /* NetworkFrameworkTests */ = {
			isa = PBXNativeTarget;
			buildConfigurationList = 9521FCCB254FE7FE00FC0220 /* Build configuration list for PBXNativeTarget "NetworkFrameworkTests" */;
			buildPhases = (
				9521FCB4254FE7FE00FC0220 /* Sources */,
				9521FCB5254FE7FE00FC0220 /* Frameworks */,
				9521FCB6254FE7FE00FC0220 /* Resources */,
			);
			buildRules = (
			);
			dependencies = (
				9521FCBB254FE7FE00FC0220 /* PBXTargetDependency */,
				9521FCBD254FE7FE00FC0220 /* PBXTargetDependency */,
			);
			name = NetworkFrameworkTests;
			productName = NetworkFrameworkTests;
			productReference = 9521FCB8254FE7FE00FC0220 /* NetworkFrameworkTests.xctest */;
			productType = "com.apple.product-type.bundle.unit-test";
		};
		95E9F5772546EC06001FBA0D /* IssueTracker */ = {
			isa = PBXNativeTarget;
			buildConfigurationList = 95E9F5972546EC0C001FBA0D /* Build configuration list for PBXNativeTarget "IssueTracker" */;
			buildPhases = (
				5E9A7763D2BB0D3B2F48C629 /* [CP] Check Pods Manifest.lock */,
				95E9F5742546EC06001FBA0D /* Sources */,
				95E9F5752546EC06001FBA0D /* Frameworks */,
				95E9F5762546EC06001FBA0D /* Resources */,
				9613C12C2547B1F5005EF13C /* ShellScript */,
				9521FCCA254FE7FE00FC0220 /* Embed Frameworks */,
			);
			buildRules = (
			);
			dependencies = (
				9521FCC4254FE7FE00FC0220 /* PBXTargetDependency */,
			);
			name = IssueTracker;
			productName = IssueTracker;
			productReference = 95E9F5782546EC06001FBA0D /* IssueTracker.app */;
			productType = "com.apple.product-type.application";
		};
		95E9F58D2546EC0C001FBA0D /* IssueTrackerTests */ = {
			isa = PBXNativeTarget;
			buildConfigurationList = 95E9F59A2546EC0C001FBA0D /* Build configuration list for PBXNativeTarget "IssueTrackerTests" */;
			buildPhases = (
				25E90222027D64EE0605599C /* [CP] Check Pods Manifest.lock */,
				95E9F58A2546EC0C001FBA0D /* Sources */,
				95E9F58B2546EC0C001FBA0D /* Frameworks */,
				95E9F58C2546EC0C001FBA0D /* Resources */,
			);
			buildRules = (
			);
			dependencies = (
				95E9F5902546EC0C001FBA0D /* PBXTargetDependency */,
			);
			name = IssueTrackerTests;
			productName = IssueTrackerTests;
			productReference = 95E9F58E2546EC0C001FBA0D /* IssueTrackerTests.xctest */;
			productType = "com.apple.product-type.bundle.unit-test";
		};
/* End PBXNativeTarget section */

/* Begin PBXProject section */
		95E9F5702546EC06001FBA0D /* Project object */ = {
			isa = PBXProject;
			attributes = {
				LastSwiftUpdateCheck = 1160;
				LastUpgradeCheck = 1160;
				ORGANIZATIONNAME = "IssueTracker-15";
				TargetAttributes = {
					9521FCAF254FE7FD00FC0220 = {
						CreatedOnToolsVersion = 11.6;
						LastSwiftMigration = 1160;
					};
					9521FCB7254FE7FE00FC0220 = {
						CreatedOnToolsVersion = 11.6;
						TestTargetID = 95E9F5772546EC06001FBA0D;
					};
					95E9F5772546EC06001FBA0D = {
						CreatedOnToolsVersion = 11.6;
					};
					95E9F58D2546EC0C001FBA0D = {
						CreatedOnToolsVersion = 11.6;
						TestTargetID = 95E9F5772546EC06001FBA0D;
					};
				};
			};
			buildConfigurationList = 95E9F5732546EC06001FBA0D /* Build configuration list for PBXProject "IssueTracker" */;
			compatibilityVersion = "Xcode 9.3";
			developmentRegion = en;
			hasScannedForEncodings = 0;
			knownRegions = (
				en,
				Base,
			);
			mainGroup = 95E9F56F2546EC06001FBA0D;
			productRefGroup = 95E9F5792546EC06001FBA0D /* Products */;
			projectDirPath = "";
			projectRoot = "";
			targets = (
				95E9F5772546EC06001FBA0D /* IssueTracker */,
				95E9F58D2546EC0C001FBA0D /* IssueTrackerTests */,
				9521FCAF254FE7FD00FC0220 /* NetworkFramework */,
				9521FCB7254FE7FE00FC0220 /* NetworkFrameworkTests */,
			);
		};
/* End PBXProject section */

/* Begin PBXResourcesBuildPhase section */
		9521FCAE254FE7FD00FC0220 /* Resources */ = {
			isa = PBXResourcesBuildPhase;
			buildActionMask = 2147483647;
			files = (
			);
			runOnlyForDeploymentPostprocessing = 0;
		};
		9521FCB6254FE7FE00FC0220 /* Resources */ = {
			isa = PBXResourcesBuildPhase;
			buildActionMask = 2147483647;
			files = (
			);
			runOnlyForDeploymentPostprocessing = 0;
		};
		95E9F5762546EC06001FBA0D /* Resources */ = {
			isa = PBXResourcesBuildPhase;
			buildActionMask = 2147483647;
			files = (
				95C36593254A76BB008ACCB5 /* MilestoneCellView.xib in Resources */,
				9613C12E2547B265005EF13C /* .swiftlint.yml in Resources */,
				95E9F5882546EC0C001FBA0D /* LaunchScreen.storyboard in Resources */,
				965F097E25505A1200B3A248 /* DetailConditionFilterViewController.xib in Resources */,
				9679DFC1254D7ADC00550BE4 /* MilestoneSubmitFieldsView.xib in Resources */,
				966ADAEA254D9BE900A480DD /* LabelSubmitFieldsView.xib in Resources */,
				950EA0612547FFF9005BE133 /* HeaderView.xib in Resources */,
				965F098325505B7800B3A248 /* LabelConditionCellView.xib in Resources */,
				95E9F5852546EC0C001FBA0D /* Assets.xcassets in Resources */,
				965F098925505B9D00B3A248 /* UserConditionCellView.xib in Resources */,
				95E9F5832546EC07001FBA0D /* Main.storyboard in Resources */,
				96F95C08254EA70B00EC00C6 /* IssueCellView.xib in Resources */,
				9679DFB9254D768C00550BE4 /* SubmitFormView.xib in Resources */,
				950EA05D2547FFA0005BE133 /* LabelCellView.xib in Resources */,
				965F098E25505C0200B3A248 /* MilestoneConditionCellView.xib in Resources */,
			);
			runOnlyForDeploymentPostprocessing = 0;
		};
		95E9F58C2546EC0C001FBA0D /* Resources */ = {
			isa = PBXResourcesBuildPhase;
			buildActionMask = 2147483647;
			files = (
				963971E52549BB83005BB4FA /* HeaderView.xib in Resources */,
				963971E82549BB83005BB4FA /* LabelCellView.xib in Resources */,
			);
			runOnlyForDeploymentPostprocessing = 0;
		};
/* End PBXResourcesBuildPhase section */

/* Begin PBXShellScriptBuildPhase section */
		25E90222027D64EE0605599C /* [CP] Check Pods Manifest.lock */ = {
			isa = PBXShellScriptBuildPhase;
			buildActionMask = 2147483647;
			files = (
			);
			inputFileListPaths = (
			);
			inputPaths = (
				"${PODS_PODFILE_DIR_PATH}/Podfile.lock",
				"${PODS_ROOT}/Manifest.lock",
			);
			name = "[CP] Check Pods Manifest.lock";
			outputFileListPaths = (
			);
			outputPaths = (
				"$(DERIVED_FILE_DIR)/Pods-IssueTrackerTests-checkManifestLockResult.txt",
			);
			runOnlyForDeploymentPostprocessing = 0;
			shellPath = /bin/sh;
			shellScript = "diff \"${PODS_PODFILE_DIR_PATH}/Podfile.lock\" \"${PODS_ROOT}/Manifest.lock\" > /dev/null\nif [ $? != 0 ] ; then\n    # print error to STDERR\n    echo \"error: The sandbox is not in sync with the Podfile.lock. Run 'pod install' or update your CocoaPods installation.\" >&2\n    exit 1\nfi\n# This output is used by Xcode 'outputs' to avoid re-running this script phase.\necho \"SUCCESS\" > \"${SCRIPT_OUTPUT_FILE_0}\"\n";
			showEnvVarsInLog = 0;
		};
		5E9A7763D2BB0D3B2F48C629 /* [CP] Check Pods Manifest.lock */ = {
			isa = PBXShellScriptBuildPhase;
			buildActionMask = 2147483647;
			files = (
			);
			inputFileListPaths = (
			);
			inputPaths = (
				"${PODS_PODFILE_DIR_PATH}/Podfile.lock",
				"${PODS_ROOT}/Manifest.lock",
			);
			name = "[CP] Check Pods Manifest.lock";
			outputFileListPaths = (
			);
			outputPaths = (
				"$(DERIVED_FILE_DIR)/Pods-IssueTracker-checkManifestLockResult.txt",
			);
			runOnlyForDeploymentPostprocessing = 0;
			shellPath = /bin/sh;
			shellScript = "diff \"${PODS_PODFILE_DIR_PATH}/Podfile.lock\" \"${PODS_ROOT}/Manifest.lock\" > /dev/null\nif [ $? != 0 ] ; then\n    # print error to STDERR\n    echo \"error: The sandbox is not in sync with the Podfile.lock. Run 'pod install' or update your CocoaPods installation.\" >&2\n    exit 1\nfi\n# This output is used by Xcode 'outputs' to avoid re-running this script phase.\necho \"SUCCESS\" > \"${SCRIPT_OUTPUT_FILE_0}\"\n";
			showEnvVarsInLog = 0;
		};
		9613C12C2547B1F5005EF13C /* ShellScript */ = {
			isa = PBXShellScriptBuildPhase;
			buildActionMask = 12;
			files = (
			);
			inputFileListPaths = (
			);
			inputPaths = (
			);
			outputFileListPaths = (
			);
			outputPaths = (
			);
			runOnlyForDeploymentPostprocessing = 0;
			shellPath = /bin/sh;
			shellScript = "# Type a script or drag a script file from your workspace to insert its path.\n# SwiftLint\n${PODS_ROOT}/SwiftLint/swiftlint\n";
		};
/* End PBXShellScriptBuildPhase section */

/* Begin PBXSourcesBuildPhase section */
		9521FCAC254FE7FD00FC0220 /* Sources */ = {
			isa = PBXSourcesBuildPhase;
			buildActionMask = 2147483647;
			files = (
				9521FCCF254FE84D00FC0220 /* DataLoader.swift in Sources */,
			);
			runOnlyForDeploymentPostprocessing = 0;
		};
		9521FCB4254FE7FE00FC0220 /* Sources */ = {
			isa = PBXSourcesBuildPhase;
			buildActionMask = 2147483647;
			files = (
				9521FCD1255007DC00FC0220 /* DataLoader.swift in Sources */,
				9521FCC0254FE7FE00FC0220 /* NetworkFrameworkTests.swift in Sources */,
			);
			runOnlyForDeploymentPostprocessing = 0;
		};
		95E9F5742546EC06001FBA0D /* Sources */ = {
			isa = PBXSourcesBuildPhase;
			buildActionMask = 2147483647;
			files = (
				965F098D25505C0200B3A248 /* MilestoneConditionCellView.swift in Sources */,
				96F95C07254EA70B00EC00C6 /* IssueCellView.swift in Sources */,
				96A58F53254A91AC00248F1E /* String+Regex.swift in Sources */,
				9627A5A825506985000BFF4D /* UITableView+.swift in Sources */,
				9627A5AC255087FF000BFF4D /* ConditionCellView.swift in Sources */,
				95C36592254A76BB008ACCB5 /* MilestoneCellView.swift in Sources */,
				96DD118B2550F3930065F44A /* ConditionCellViewModel.swift in Sources */,
				96A58F3F254A6C2500248F1E /* Date+.swift in Sources */,
				950EB00D254A8DE2004857C2 /* MilestoneListViewModel.swift in Sources */,
				965F098225505B7800B3A248 /* LabelConditionCellView.swift in Sources */,
				966ADAEC254D9DDD00A480DD /* LabelSubmitFieldsView+LoadFromNib.swift in Sources */,
				96A58F3B254A629500248F1E /* MilestoneItemViewModel.swift in Sources */,
				966DD039254A5B1600A44FBA /* Milestone.swift in Sources */,
				96C734D52549452600DEC9A4 /* LabelItemViewModel.swift in Sources */,
				966ADAE8254D9BD400A480DD /* LabelSubmitFieldsView.swift in Sources */,
				950EA0602547FFF9005BE133 /* HeaderView.swift in Sources */,
				96A58F3D254A6A3300248F1E /* DateFormatter+.swift in Sources */,
				95C2F89C2547EF47006B3BC6 /* String+Color.swift in Sources */,
				95E9F5802546EC07001FBA0D /* LabelListViewController.swift in Sources */,
				965F098825505B9D00B3A248 /* UserConditionCellView.swift in Sources */,
				966DD02B254A259F00A44FBA /* Array+SafeAccess.swift in Sources */,
				9505446F254AA6E0007767C6 /* UIView+ShowAlert.swift in Sources */,
				95E9F57C2546EC07001FBA0D /* AppDelegate.swift in Sources */,
				96A58F55254AA5BC00248F1E /* String+Date.swift in Sources */,
				950EA05C2547FFA0005BE133 /* LabelCellView.swift in Sources */,
				96F95C02254E891E00EC00C6 /* CGFloat+Clamp.swift in Sources */,
				950EB00F254A94D0004857C2 /* UILabel+FontSize.swift in Sources */,
				965F09712550299A00B3A248 /* JSONDecoder+Decode.swift in Sources */,
				9679DFB6254D767400550BE4 /* SubmitFormView.swift in Sources */,
				95C2F8952547EBE0006B3BC6 /* Label.swift in Sources */,
				96C8357525490F1A0086A6E6 /* BadgeLabelView.swift in Sources */,
				956B5D0525503D20001CBAA9 /* MilestoneEndPoint.swift in Sources */,
				966ADAE3254D8B0800A480DD /* SubmitFormView+LoadFromNib.swift in Sources */,
				9679DFBF254D7A0E00550BE4 /* MilestoneSubmitFieldsView.swift in Sources */,
				957D8222255060DA0033484F /* AddNewIssueViewController.swift in Sources */,
				95C36581254A6F80008ACCB5 /* MilestoneListViewController.swift in Sources */,
				96F95BFC254E6E4C00EC00C6 /* Issue.swift in Sources */,
				9670B37F2549E9E10026B0C9 /* MainTabBarController.swift in Sources */,
				956B5D0725503E8A001CBAA9 /* LabelEndPoint.swift in Sources */,
				95E9F57E2546EC07001FBA0D /* SceneDelegate.swift in Sources */,
				9679DFBD254D78D000550BE4 /* SubmitFieldProtocol.swift in Sources */,
				952FF3D5254805EE0042A96F /* Header+CollectionView.swift in Sources */,
				96F95BFA254E6C4A00EC00C6 /* IssueListViewController.swift in Sources */,
				966ADAE5254D9B7C00A480DD /* MilestoneSubmitFieldsView+LoadFromNib.swift in Sources */,
				965F09742550425A00B3A248 /* IssueFilterViewController.swift in Sources */,
				95054473254AAC0D007767C6 /* CollectionView+.swift in Sources */,
				96C734D32549444E00DEC9A4 /* LabelListViewModel.swift in Sources */,
				965F097D25505A1200B3A248 /* DetailConditionFilterViewController.swift in Sources */,
			);
			runOnlyForDeploymentPostprocessing = 0;
		};
		95E9F58A2546EC0C001FBA0D /* Sources */ = {
			isa = PBXSourcesBuildPhase;
			buildActionMask = 2147483647;
			files = (
				963971E72549BB83005BB4FA /* LabelCellView.swift in Sources */,
				963971E02549BB83005BB4FA /* LabelListViewController.swift in Sources */,
				96A58F41254A6E4100248F1E /* MilestoneItemViewModel.swift in Sources */,
				963971E42549BB83005BB4FA /* HeaderView.swift in Sources */,
				963971EE2549BB91005BB4FA /* String+Color.swift in Sources */,
				96A58F47254A6F4100248F1E /* Date+.swift in Sources */,
				963971ED2549BB91005BB4FA /* Label.swift in Sources */,
				963971EC2549BB91005BB4FA /* BadgeLabelView.swift in Sources */,
				963971E62549BB83005BB4FA /* Header+CollectionView.swift in Sources */,
				96A58F46254A6F4100248F1E /* DateFormatter+.swift in Sources */,
				963971F22549BC5F005BB4FA /* LabelListViewModelMock.swift in Sources */,
				963971F52549D5AF005BB4FA /* LabelCellViewTest.swift in Sources */,
				963971F02549BC45005BB4FA /* LabelListViewControllerTests.swift in Sources */,
				95C2F8982547EDC7006B3BC6 /* ColorConvertTests.swift in Sources */,
				96A58F48254A6F4500248F1E /* Array+SafeAccess.swift in Sources */,
				96A58F43254A6E6000248F1E /* MilestoneTests.swift in Sources */,
				95E9F5932546EC0C001FBA0D /* LabelModelTests.swift in Sources */,
				963971DF2549BB83005BB4FA /* LabelItemViewModel.swift in Sources */,
				963971F92549D9B6005BB4FA /* LabelSubmitFormViewTests.swift in Sources */,
				96A58F40254A6E4100248F1E /* Milestone.swift in Sources */,
				963971DE2549BB83005BB4FA /* LabelListViewModel.swift in Sources */,
			);
			runOnlyForDeploymentPostprocessing = 0;
		};
/* End PBXSourcesBuildPhase section */

/* Begin PBXTargetDependency section */
		9521FCBB254FE7FE00FC0220 /* PBXTargetDependency */ = {
			isa = PBXTargetDependency;
			target = 9521FCAF254FE7FD00FC0220 /* NetworkFramework */;
			targetProxy = 9521FCBA254FE7FE00FC0220 /* PBXContainerItemProxy */;
		};
		9521FCBD254FE7FE00FC0220 /* PBXTargetDependency */ = {
			isa = PBXTargetDependency;
			target = 95E9F5772546EC06001FBA0D /* IssueTracker */;
			targetProxy = 9521FCBC254FE7FE00FC0220 /* PBXContainerItemProxy */;
		};
		9521FCC4254FE7FE00FC0220 /* PBXTargetDependency */ = {
			isa = PBXTargetDependency;
			target = 9521FCAF254FE7FD00FC0220 /* NetworkFramework */;
			targetProxy = 9521FCC3254FE7FE00FC0220 /* PBXContainerItemProxy */;
		};
		95E9F5902546EC0C001FBA0D /* PBXTargetDependency */ = {
			isa = PBXTargetDependency;
			target = 95E9F5772546EC06001FBA0D /* IssueTracker */;
			targetProxy = 95E9F58F2546EC0C001FBA0D /* PBXContainerItemProxy */;
		};
/* End PBXTargetDependency section */

/* Begin PBXVariantGroup section */
		95E9F5812546EC07001FBA0D /* Main.storyboard */ = {
			isa = PBXVariantGroup;
			children = (
				95E9F5822546EC07001FBA0D /* Base */,
			);
			name = Main.storyboard;
			sourceTree = "<group>";
		};
		95E9F5862546EC0C001FBA0D /* LaunchScreen.storyboard */ = {
			isa = PBXVariantGroup;
			children = (
				95E9F5872546EC0C001FBA0D /* Base */,
			);
			name = LaunchScreen.storyboard;
			sourceTree = "<group>";
		};
/* End PBXVariantGroup section */

/* Begin XCBuildConfiguration section */
		9521FCC8254FE7FE00FC0220 /* Debug */ = {
			isa = XCBuildConfiguration;
			buildSettings = {
				CLANG_ENABLE_MODULES = YES;
				CODE_SIGN_STYLE = Automatic;
				CURRENT_PROJECT_VERSION = 1;
				DEFINES_MODULE = YES;
				DEVELOPMENT_TEAM = B3PWYBKFUK;
				DYLIB_COMPATIBILITY_VERSION = 1;
				DYLIB_CURRENT_VERSION = 1;
				DYLIB_INSTALL_NAME_BASE = "@rpath";
				INFOPLIST_FILE = NetworkFramework/Info.plist;
				INSTALL_PATH = "$(LOCAL_LIBRARY_DIR)/Frameworks";
				LD_RUNPATH_SEARCH_PATHS = (
					"$(inherited)",
					"@executable_path/Frameworks",
					"@loader_path/Frameworks",
				);
				PRODUCT_BUNDLE_IDENTIFIER = "IssueTracker-15.NetworkFramework";
				PRODUCT_NAME = "$(TARGET_NAME:c99extidentifier)";
				SKIP_INSTALL = YES;
				SWIFT_OPTIMIZATION_LEVEL = "-Onone";
				SWIFT_VERSION = 5.0;
				TARGETED_DEVICE_FAMILY = "1,2";
				VERSIONING_SYSTEM = "apple-generic";
				VERSION_INFO_PREFIX = "";
			};
			name = Debug;
		};
		9521FCC9254FE7FE00FC0220 /* Release */ = {
			isa = XCBuildConfiguration;
			buildSettings = {
				CLANG_ENABLE_MODULES = YES;
				CODE_SIGN_STYLE = Automatic;
				CURRENT_PROJECT_VERSION = 1;
				DEFINES_MODULE = YES;
				DEVELOPMENT_TEAM = B3PWYBKFUK;
				DYLIB_COMPATIBILITY_VERSION = 1;
				DYLIB_CURRENT_VERSION = 1;
				DYLIB_INSTALL_NAME_BASE = "@rpath";
				INFOPLIST_FILE = NetworkFramework/Info.plist;
				INSTALL_PATH = "$(LOCAL_LIBRARY_DIR)/Frameworks";
				LD_RUNPATH_SEARCH_PATHS = (
					"$(inherited)",
					"@executable_path/Frameworks",
					"@loader_path/Frameworks",
				);
				PRODUCT_BUNDLE_IDENTIFIER = "IssueTracker-15.NetworkFramework";
				PRODUCT_NAME = "$(TARGET_NAME:c99extidentifier)";
				SKIP_INSTALL = YES;
				SWIFT_VERSION = 5.0;
				TARGETED_DEVICE_FAMILY = "1,2";
				VERSIONING_SYSTEM = "apple-generic";
				VERSION_INFO_PREFIX = "";
			};
			name = Release;
		};
		9521FCCC254FE7FE00FC0220 /* Debug */ = {
			isa = XCBuildConfiguration;
			buildSettings = {
				ALWAYS_EMBED_SWIFT_STANDARD_LIBRARIES = YES;
				CODE_SIGN_STYLE = Automatic;
				DEVELOPMENT_TEAM = B3PWYBKFUK;
				INFOPLIST_FILE = NetworkFrameworkTests/Info.plist;
				LD_RUNPATH_SEARCH_PATHS = (
					"$(inherited)",
					"@executable_path/Frameworks",
					"@loader_path/Frameworks",
				);
				PRODUCT_BUNDLE_IDENTIFIER = "IssueTracker-15.NetworkFrameworkTests";
				PRODUCT_NAME = "$(TARGET_NAME)";
				SWIFT_VERSION = 5.0;
				TARGETED_DEVICE_FAMILY = "1,2";
				TEST_HOST = "$(BUILT_PRODUCTS_DIR)/IssueTracker.app/IssueTracker";
			};
			name = Debug;
		};
		9521FCCD254FE7FE00FC0220 /* Release */ = {
			isa = XCBuildConfiguration;
			buildSettings = {
				ALWAYS_EMBED_SWIFT_STANDARD_LIBRARIES = YES;
				CODE_SIGN_STYLE = Automatic;
				DEVELOPMENT_TEAM = B3PWYBKFUK;
				INFOPLIST_FILE = NetworkFrameworkTests/Info.plist;
				LD_RUNPATH_SEARCH_PATHS = (
					"$(inherited)",
					"@executable_path/Frameworks",
					"@loader_path/Frameworks",
				);
				PRODUCT_BUNDLE_IDENTIFIER = "IssueTracker-15.NetworkFrameworkTests";
				PRODUCT_NAME = "$(TARGET_NAME)";
				SWIFT_VERSION = 5.0;
				TARGETED_DEVICE_FAMILY = "1,2";
				TEST_HOST = "$(BUILT_PRODUCTS_DIR)/IssueTracker.app/IssueTracker";
			};
			name = Release;
		};
		95E9F5952546EC0C001FBA0D /* Debug */ = {
			isa = XCBuildConfiguration;
			buildSettings = {
				ALWAYS_SEARCH_USER_PATHS = NO;
				CLANG_ANALYZER_NONNULL = YES;
				CLANG_ANALYZER_NUMBER_OBJECT_CONVERSION = YES_AGGRESSIVE;
				CLANG_CXX_LANGUAGE_STANDARD = "gnu++14";
				CLANG_CXX_LIBRARY = "libc++";
				CLANG_ENABLE_MODULES = YES;
				CLANG_ENABLE_OBJC_ARC = YES;
				CLANG_ENABLE_OBJC_WEAK = YES;
				CLANG_WARN_BLOCK_CAPTURE_AUTORELEASING = YES;
				CLANG_WARN_BOOL_CONVERSION = YES;
				CLANG_WARN_COMMA = YES;
				CLANG_WARN_CONSTANT_CONVERSION = YES;
				CLANG_WARN_DEPRECATED_OBJC_IMPLEMENTATIONS = YES;
				CLANG_WARN_DIRECT_OBJC_ISA_USAGE = YES_ERROR;
				CLANG_WARN_DOCUMENTATION_COMMENTS = YES;
				CLANG_WARN_EMPTY_BODY = YES;
				CLANG_WARN_ENUM_CONVERSION = YES;
				CLANG_WARN_INFINITE_RECURSION = YES;
				CLANG_WARN_INT_CONVERSION = YES;
				CLANG_WARN_NON_LITERAL_NULL_CONVERSION = YES;
				CLANG_WARN_OBJC_IMPLICIT_RETAIN_SELF = YES;
				CLANG_WARN_OBJC_LITERAL_CONVERSION = YES;
				CLANG_WARN_OBJC_ROOT_CLASS = YES_ERROR;
				CLANG_WARN_RANGE_LOOP_ANALYSIS = YES;
				CLANG_WARN_STRICT_PROTOTYPES = YES;
				CLANG_WARN_SUSPICIOUS_MOVE = YES;
				CLANG_WARN_UNGUARDED_AVAILABILITY = YES_AGGRESSIVE;
				CLANG_WARN_UNREACHABLE_CODE = YES;
				CLANG_WARN__DUPLICATE_METHOD_MATCH = YES;
				COPY_PHASE_STRIP = NO;
				DEBUG_INFORMATION_FORMAT = dwarf;
				ENABLE_STRICT_OBJC_MSGSEND = YES;
				ENABLE_TESTABILITY = YES;
				GCC_C_LANGUAGE_STANDARD = gnu11;
				GCC_DYNAMIC_NO_PIC = NO;
				GCC_NO_COMMON_BLOCKS = YES;
				GCC_OPTIMIZATION_LEVEL = 0;
				GCC_PREPROCESSOR_DEFINITIONS = (
					"DEBUG=1",
					"$(inherited)",
				);
				GCC_WARN_64_TO_32_BIT_CONVERSION = YES;
				GCC_WARN_ABOUT_RETURN_TYPE = YES_ERROR;
				GCC_WARN_UNDECLARED_SELECTOR = YES;
				GCC_WARN_UNINITIALIZED_AUTOS = YES_AGGRESSIVE;
				GCC_WARN_UNUSED_FUNCTION = YES;
				GCC_WARN_UNUSED_VARIABLE = YES;
				IPHONEOS_DEPLOYMENT_TARGET = 13.6;
				MTL_ENABLE_DEBUG_INFO = INCLUDE_SOURCE;
				MTL_FAST_MATH = YES;
				ONLY_ACTIVE_ARCH = YES;
				SDKROOT = iphoneos;
				SWIFT_ACTIVE_COMPILATION_CONDITIONS = DEBUG;
				SWIFT_OPTIMIZATION_LEVEL = "-Onone";
			};
			name = Debug;
		};
		95E9F5962546EC0C001FBA0D /* Release */ = {
			isa = XCBuildConfiguration;
			buildSettings = {
				ALWAYS_SEARCH_USER_PATHS = NO;
				CLANG_ANALYZER_NONNULL = YES;
				CLANG_ANALYZER_NUMBER_OBJECT_CONVERSION = YES_AGGRESSIVE;
				CLANG_CXX_LANGUAGE_STANDARD = "gnu++14";
				CLANG_CXX_LIBRARY = "libc++";
				CLANG_ENABLE_MODULES = YES;
				CLANG_ENABLE_OBJC_ARC = YES;
				CLANG_ENABLE_OBJC_WEAK = YES;
				CLANG_WARN_BLOCK_CAPTURE_AUTORELEASING = YES;
				CLANG_WARN_BOOL_CONVERSION = YES;
				CLANG_WARN_COMMA = YES;
				CLANG_WARN_CONSTANT_CONVERSION = YES;
				CLANG_WARN_DEPRECATED_OBJC_IMPLEMENTATIONS = YES;
				CLANG_WARN_DIRECT_OBJC_ISA_USAGE = YES_ERROR;
				CLANG_WARN_DOCUMENTATION_COMMENTS = YES;
				CLANG_WARN_EMPTY_BODY = YES;
				CLANG_WARN_ENUM_CONVERSION = YES;
				CLANG_WARN_INFINITE_RECURSION = YES;
				CLANG_WARN_INT_CONVERSION = YES;
				CLANG_WARN_NON_LITERAL_NULL_CONVERSION = YES;
				CLANG_WARN_OBJC_IMPLICIT_RETAIN_SELF = YES;
				CLANG_WARN_OBJC_LITERAL_CONVERSION = YES;
				CLANG_WARN_OBJC_ROOT_CLASS = YES_ERROR;
				CLANG_WARN_RANGE_LOOP_ANALYSIS = YES;
				CLANG_WARN_STRICT_PROTOTYPES = YES;
				CLANG_WARN_SUSPICIOUS_MOVE = YES;
				CLANG_WARN_UNGUARDED_AVAILABILITY = YES_AGGRESSIVE;
				CLANG_WARN_UNREACHABLE_CODE = YES;
				CLANG_WARN__DUPLICATE_METHOD_MATCH = YES;
				COPY_PHASE_STRIP = NO;
				DEBUG_INFORMATION_FORMAT = "dwarf-with-dsym";
				ENABLE_NS_ASSERTIONS = NO;
				ENABLE_STRICT_OBJC_MSGSEND = YES;
				GCC_C_LANGUAGE_STANDARD = gnu11;
				GCC_NO_COMMON_BLOCKS = YES;
				GCC_WARN_64_TO_32_BIT_CONVERSION = YES;
				GCC_WARN_ABOUT_RETURN_TYPE = YES_ERROR;
				GCC_WARN_UNDECLARED_SELECTOR = YES;
				GCC_WARN_UNINITIALIZED_AUTOS = YES_AGGRESSIVE;
				GCC_WARN_UNUSED_FUNCTION = YES;
				GCC_WARN_UNUSED_VARIABLE = YES;
				IPHONEOS_DEPLOYMENT_TARGET = 13.6;
				MTL_ENABLE_DEBUG_INFO = NO;
				MTL_FAST_MATH = YES;
				SDKROOT = iphoneos;
				SWIFT_COMPILATION_MODE = wholemodule;
				SWIFT_OPTIMIZATION_LEVEL = "-O";
				VALIDATE_PRODUCT = YES;
			};
			name = Release;
		};
		95E9F5982546EC0C001FBA0D /* Debug */ = {
			isa = XCBuildConfiguration;
			baseConfigurationReference = 1F538126B46A1B17CF926A6A /* Pods-IssueTracker.debug.xcconfig */;
			buildSettings = {
				ALWAYS_EMBED_SWIFT_STANDARD_LIBRARIES = YES;
				ASSETCATALOG_COMPILER_APPICON_NAME = AppIcon;
				CODE_SIGN_STYLE = Automatic;
				DEVELOPMENT_TEAM = B3PWYBKFUK;
				INFOPLIST_FILE = IssueTracker/07.Supports/Info.plist;
				LD_RUNPATH_SEARCH_PATHS = (
					"$(inherited)",
					"@executable_path/Frameworks",
				);
				PRODUCT_BUNDLE_IDENTIFIER = "IssueTracker-15.IssueTracker";
				PRODUCT_NAME = "$(TARGET_NAME)";
				SWIFT_VERSION = 5.0;
				TARGETED_DEVICE_FAMILY = "1,2";
			};
			name = Debug;
		};
		95E9F5992546EC0C001FBA0D /* Release */ = {
			isa = XCBuildConfiguration;
			baseConfigurationReference = 2E821A460A4A5DD482366AE3 /* Pods-IssueTracker.release.xcconfig */;
			buildSettings = {
				ALWAYS_EMBED_SWIFT_STANDARD_LIBRARIES = YES;
				ASSETCATALOG_COMPILER_APPICON_NAME = AppIcon;
				CODE_SIGN_STYLE = Automatic;
				DEVELOPMENT_TEAM = B3PWYBKFUK;
				INFOPLIST_FILE = IssueTracker/07.Supports/Info.plist;
				LD_RUNPATH_SEARCH_PATHS = (
					"$(inherited)",
					"@executable_path/Frameworks",
				);
				PRODUCT_BUNDLE_IDENTIFIER = "IssueTracker-15.IssueTracker";
				PRODUCT_NAME = "$(TARGET_NAME)";
				SWIFT_VERSION = 5.0;
				TARGETED_DEVICE_FAMILY = "1,2";
			};
			name = Release;
		};
		95E9F59B2546EC0C001FBA0D /* Debug */ = {
			isa = XCBuildConfiguration;
			baseConfigurationReference = F1A7FBAD0CB05FF3BD8DEF4A /* Pods-IssueTrackerTests.debug.xcconfig */;
			buildSettings = {
				ALWAYS_EMBED_SWIFT_STANDARD_LIBRARIES = YES;
				BUNDLE_LOADER = "$(TEST_HOST)";
				CODE_SIGN_STYLE = Automatic;
				DEVELOPMENT_TEAM = B3PWYBKFUK;
				INFOPLIST_FILE = IssueTrackerTests/Info.plist;
				IPHONEOS_DEPLOYMENT_TARGET = 13.6;
				LD_RUNPATH_SEARCH_PATHS = (
					"$(inherited)",
					"@executable_path/Frameworks",
					"@loader_path/Frameworks",
				);
				PRODUCT_BUNDLE_IDENTIFIER = "IssueTracker-15.IssueTrackerTests";
				PRODUCT_NAME = "$(TARGET_NAME)";
				SWIFT_VERSION = 5.0;
				TARGETED_DEVICE_FAMILY = "1,2";
				TEST_HOST = "$(BUILT_PRODUCTS_DIR)/IssueTracker.app/IssueTracker";
			};
			name = Debug;
		};
		95E9F59C2546EC0C001FBA0D /* Release */ = {
			isa = XCBuildConfiguration;
			baseConfigurationReference = B9280E9634EEE3C0BADC1EBF /* Pods-IssueTrackerTests.release.xcconfig */;
			buildSettings = {
				ALWAYS_EMBED_SWIFT_STANDARD_LIBRARIES = YES;
				BUNDLE_LOADER = "$(TEST_HOST)";
				CODE_SIGN_STYLE = Automatic;
				DEVELOPMENT_TEAM = B3PWYBKFUK;
				INFOPLIST_FILE = IssueTrackerTests/Info.plist;
				IPHONEOS_DEPLOYMENT_TARGET = 13.6;
				LD_RUNPATH_SEARCH_PATHS = (
					"$(inherited)",
					"@executable_path/Frameworks",
					"@loader_path/Frameworks",
				);
				PRODUCT_BUNDLE_IDENTIFIER = "IssueTracker-15.IssueTrackerTests";
				PRODUCT_NAME = "$(TARGET_NAME)";
				SWIFT_VERSION = 5.0;
				TARGETED_DEVICE_FAMILY = "1,2";
				TEST_HOST = "$(BUILT_PRODUCTS_DIR)/IssueTracker.app/IssueTracker";
			};
			name = Release;
		};
/* End XCBuildConfiguration section */

/* Begin XCConfigurationList section */
		9521FCC7254FE7FE00FC0220 /* Build configuration list for PBXNativeTarget "NetworkFramework" */ = {
			isa = XCConfigurationList;
			buildConfigurations = (
				9521FCC8254FE7FE00FC0220 /* Debug */,
				9521FCC9254FE7FE00FC0220 /* Release */,
			);
			defaultConfigurationIsVisible = 0;
			defaultConfigurationName = Release;
		};
		9521FCCB254FE7FE00FC0220 /* Build configuration list for PBXNativeTarget "NetworkFrameworkTests" */ = {
			isa = XCConfigurationList;
			buildConfigurations = (
				9521FCCC254FE7FE00FC0220 /* Debug */,
				9521FCCD254FE7FE00FC0220 /* Release */,
			);
			defaultConfigurationIsVisible = 0;
			defaultConfigurationName = Release;
		};
		95E9F5732546EC06001FBA0D /* Build configuration list for PBXProject "IssueTracker" */ = {
			isa = XCConfigurationList;
			buildConfigurations = (
				95E9F5952546EC0C001FBA0D /* Debug */,
				95E9F5962546EC0C001FBA0D /* Release */,
			);
			defaultConfigurationIsVisible = 0;
			defaultConfigurationName = Release;
		};
		95E9F5972546EC0C001FBA0D /* Build configuration list for PBXNativeTarget "IssueTracker" */ = {
			isa = XCConfigurationList;
			buildConfigurations = (
				95E9F5982546EC0C001FBA0D /* Debug */,
				95E9F5992546EC0C001FBA0D /* Release */,
			);
			defaultConfigurationIsVisible = 0;
			defaultConfigurationName = Release;
		};
		95E9F59A2546EC0C001FBA0D /* Build configuration list for PBXNativeTarget "IssueTrackerTests" */ = {
			isa = XCConfigurationList;
			buildConfigurations = (
				95E9F59B2546EC0C001FBA0D /* Debug */,
				95E9F59C2546EC0C001FBA0D /* Release */,
			);
			defaultConfigurationIsVisible = 0;
			defaultConfigurationName = Release;
		};
/* End XCConfigurationList section */
	};
	rootObject = 95E9F5702546EC06001FBA0D /* Project object */;
}
